// !$*UTF8*$!
{
	archiveVersion = 1;
	classes = {
	};
	objectVersion = 56;
	objects = {

/* Begin PBXBuildFile section */
		07C2A79A2C31E62700869A56 /* textur.cpp in Sources */ = {isa = PBXBuildFile; fileRef = 07C2A7992C31E62700869A56 /* textur.cpp */; };
/* End PBXBuildFile section */

/* Begin PBXCopyFilesBuildPhase section */
		07C2A7942C31E62700869A56 /* CopyFiles */ = {
			isa = PBXCopyFilesBuildPhase;
			buildActionMask = 2147483647;
			dstPath = /usr/share/man/man1/;
			dstSubfolderSpec = 0;
			files = (
			);
			runOnlyForDeploymentPostprocessing = 1;
		};
/* End PBXCopyFilesBuildPhase section */

/* Begin PBXFileReference section */
		075C5B092C5A16CE00E6A6C0 /* test_day.tex */ = {isa = PBXFileReference; fileEncoding = 4; lastKnownFileType = text; path = test_day.tex; sourceTree = "<group>"; };
		075C5B0A2C5A16CE00E6A6C0 /* test_night.tex */ = {isa = PBXFileReference; fileEncoding = 4; lastKnownFileType = text; path = test_night.tex; sourceTree = "<group>"; };
		075C5B0B2C5A1C4700E6A6C0 /* textel_presets_day.tex */ = {isa = PBXFileReference; fileEncoding = 4; lastKnownFileType = text; path = textel_presets_day.tex; sourceTree = "<group>"; };
		075C5B0C2C5A1C4700E6A6C0 /* textel_presets_night.tex */ = {isa = PBXFileReference; fileEncoding = 4; lastKnownFileType = text; path = textel_presets_night.tex; sourceTree = "<group>"; };
		075C651C2C3E00C000B15451 /* LICENSE */ = {isa = PBXFileReference; fileEncoding = 4; lastKnownFileType = text; path = LICENSE; sourceTree = SOURCE_ROOT; };
		076AB05D2C9DDA7800531419 /* build-ubuntu.yml */ = {isa = PBXFileReference; fileEncoding = 4; lastKnownFileType = text.yaml; name = "build-ubuntu.yml"; path = ".github/workflows/build-ubuntu.yml"; sourceTree = SOURCE_ROOT; };
		076AB05E2C9DDAE700531419 /* build.sh */ = {isa = PBXFileReference; fileEncoding = 4; lastKnownFileType = text.script.sh; path = build.sh; sourceTree = "<group>"; };
		076AB05F2C9DDC8E00531419 /* build.bat */ = {isa = PBXFileReference; fileEncoding = 4; lastKnownFileType = text; path = build.bat; sourceTree = "<group>"; };
		076AB0612C9DDFB200531419 /* build-macos.yml */ = {isa = PBXFileReference; fileEncoding = 4; lastKnownFileType = text.yaml; name = "build-macos.yml"; path = ".github/workflows/build-macos.yml"; sourceTree = SOURCE_ROOT; };
		076AB0622C9DE15400531419 /* build-windows.yml */ = {isa = PBXFileReference; fileEncoding = 4; lastKnownFileType = text.yaml; name = "build-windows.yml"; path = ".github/workflows/build-windows.yml"; sourceTree = SOURCE_ROOT; };
		0775CB5F2C321B3A0078F60A /* README.md */ = {isa = PBXFileReference; fileEncoding = 4; lastKnownFileType = net.daringfireball.markdown; path = README.md; sourceTree = SOURCE_ROOT; };
		07C2A7962C31E62700869A56 /* TextUR */ = {isa = PBXFileReference; explicitFileType = "compiled.mach-o.executable"; includeInIndex = 0; path = TextUR; sourceTree = BUILT_PRODUCTS_DIR; };
		07C2A7992C31E62700869A56 /* textur.cpp */ = {isa = PBXFileReference; lastKnownFileType = sourcecode.cpp.cpp; path = textur.cpp; sourceTree = "<group>"; };
/* End PBXFileReference section */

/* Begin PBXFrameworksBuildPhase section */
		07C2A7932C31E62700869A56 /* Frameworks */ = {
			isa = PBXFrameworksBuildPhase;
			buildActionMask = 2147483647;
			files = (
			);
			runOnlyForDeploymentPostprocessing = 0;
		};
/* End PBXFrameworksBuildPhase section */

/* Begin PBXGroup section */
		075C5B082C59B36700E6A6C0 /* examples */ = {
			isa = PBXGroup;
			children = (
				075C5B0B2C5A1C4700E6A6C0 /* textel_presets_day.tex */,
				075C5B0C2C5A1C4700E6A6C0 /* textel_presets_night.tex */,
				075C5B092C5A16CE00E6A6C0 /* test_day.tex */,
				075C5B0A2C5A16CE00E6A6C0 /* test_night.tex */,
			);
			path = examples;
			sourceTree = "<group>";
		};
		076AB05C2C9DDA3E00531419 /* workflows */ = {
			isa = PBXGroup;
			children = (
				076AB0622C9DE15400531419 /* build-windows.yml */,
				076AB0612C9DDFB200531419 /* build-macos.yml */,
				076AB05D2C9DDA7800531419 /* build-ubuntu.yml */,
			);
			name = workflows;
			sourceTree = "<group>";
		};
		07C2A78D2C31E62700869A56 = {
			isa = PBXGroup;
			children = (
				075C651C2C3E00C000B15451 /* LICENSE */,
				0775CB5F2C321B3A0078F60A /* README.md */,
				07C2A7982C31E62700869A56 /* TextUR */,
				07C2A7972C31E62700869A56 /* Products */,
			);
			sourceTree = "<group>";
		};
		07C2A7972C31E62700869A56 /* Products */ = {
			isa = PBXGroup;
			children = (
				07C2A7962C31E62700869A56 /* TextUR */,
			);
			name = Products;
			sourceTree = "<group>";
		};
		07C2A7982C31E62700869A56 /* TextUR */ = {
			isa = PBXGroup;
			children = (
				076AB05C2C9DDA3E00531419 /* workflows */,
				075C5B082C59B36700E6A6C0 /* examples */,
				07C2A7992C31E62700869A56 /* textur.cpp */,
				076AB05E2C9DDAE700531419 /* build.sh */,
				076AB05F2C9DDC8E00531419 /* build.bat */,
			);
			path = TextUR;
			sourceTree = "<group>";
		};
/* End PBXGroup section */

/* Begin PBXNativeTarget section */
		07C2A7952C31E62700869A56 /* TextUR */ = {
			isa = PBXNativeTarget;
			buildConfigurationList = 07C2A79D2C31E62700869A56 /* Build configuration list for PBXNativeTarget "TextUR" */;
			buildPhases = (
				07C2A7922C31E62700869A56 /* Sources */,
				07C2A7932C31E62700869A56 /* Frameworks */,
				07C2A7942C31E62700869A56 /* CopyFiles */,
			);
			buildRules = (
			);
			dependencies = (
			);
			name = TextUR;
			productName = TextUR;
			productReference = 07C2A7962C31E62700869A56 /* TextUR */;
			productType = "com.apple.product-type.tool";
		};
/* End PBXNativeTarget section */

/* Begin PBXProject section */
		07C2A78E2C31E62700869A56 /* Project object */ = {
			isa = PBXProject;
			attributes = {
				BuildIndependentTargetsInParallel = 1;
				LastUpgradeCheck = 1540;
				TargetAttributes = {
					07C2A7952C31E62700869A56 = {
						CreatedOnToolsVersion = 15.4;
					};
				};
			};
			buildConfigurationList = 07C2A7912C31E62700869A56 /* Build configuration list for PBXProject "TextUR" */;
			compatibilityVersion = "Xcode 14.0";
			developmentRegion = en;
			hasScannedForEncodings = 0;
			knownRegions = (
				en,
				Base,
			);
			mainGroup = 07C2A78D2C31E62700869A56;
			productRefGroup = 07C2A7972C31E62700869A56 /* Products */;
			projectDirPath = "";
			projectRoot = "";
			targets = (
				07C2A7952C31E62700869A56 /* TextUR */,
			);
		};
/* End PBXProject section */

/* Begin PBXSourcesBuildPhase section */
		07C2A7922C31E62700869A56 /* Sources */ = {
			isa = PBXSourcesBuildPhase;
			buildActionMask = 2147483647;
			files = (
				07C2A79A2C31E62700869A56 /* textur.cpp in Sources */,
			);
			runOnlyForDeploymentPostprocessing = 0;
		};
/* End PBXSourcesBuildPhase section */

/* Begin XCBuildConfiguration section */
		07C2A79B2C31E62700869A56 /* Debug */ = {
			isa = XCBuildConfiguration;
			buildSettings = {
				ALWAYS_SEARCH_USER_PATHS = NO;
				ASSETCATALOG_COMPILER_GENERATE_SWIFT_ASSET_SYMBOL_EXTENSIONS = YES;
				CLANG_ANALYZER_NONNULL = YES;
				CLANG_ANALYZER_NUMBER_OBJECT_CONVERSION = YES_AGGRESSIVE;
				CLANG_CXX_LANGUAGE_STANDARD = "gnu++20";
				CLANG_ENABLE_MODULES = YES;
				CLANG_ENABLE_OBJC_ARC = YES;
				CLANG_ENABLE_OBJC_WEAK = YES;
				CLANG_WARN_BLOCK_CAPTURE_AUTORELEASING = YES;
				CLANG_WARN_BOOL_CONVERSION = YES;
				CLANG_WARN_COMMA = YES;
				CLANG_WARN_CONSTANT_CONVERSION = YES;
				CLANG_WARN_DEPRECATED_OBJC_IMPLEMENTATIONS = YES;
				CLANG_WARN_DIRECT_OBJC_ISA_USAGE = YES_ERROR;
				CLANG_WARN_DOCUMENTATION_COMMENTS = YES;
				CLANG_WARN_EMPTY_BODY = YES;
				CLANG_WARN_ENUM_CONVERSION = YES;
				CLANG_WARN_INFINITE_RECURSION = YES;
				CLANG_WARN_INT_CONVERSION = YES;
				CLANG_WARN_NON_LITERAL_NULL_CONVERSION = YES;
				CLANG_WARN_OBJC_IMPLICIT_RETAIN_SELF = YES;
				CLANG_WARN_OBJC_LITERAL_CONVERSION = YES;
				CLANG_WARN_OBJC_ROOT_CLASS = YES_ERROR;
				CLANG_WARN_QUOTED_INCLUDE_IN_FRAMEWORK_HEADER = YES;
				CLANG_WARN_RANGE_LOOP_ANALYSIS = YES;
				CLANG_WARN_STRICT_PROTOTYPES = YES;
				CLANG_WARN_SUSPICIOUS_MOVE = YES;
				CLANG_WARN_UNGUARDED_AVAILABILITY = YES_AGGRESSIVE;
				CLANG_WARN_UNREACHABLE_CODE = YES;
				CLANG_WARN__DUPLICATE_METHOD_MATCH = YES;
				COPY_PHASE_STRIP = NO;
				DEBUG_INFORMATION_FORMAT = dwarf;
				ENABLE_STRICT_OBJC_MSGSEND = YES;
				ENABLE_TESTABILITY = YES;
				ENABLE_USER_SCRIPT_SANDBOXING = YES;
				GCC_C_LANGUAGE_STANDARD = gnu17;
				GCC_DYNAMIC_NO_PIC = NO;
				GCC_NO_COMMON_BLOCKS = YES;
				GCC_OPTIMIZATION_LEVEL = 0;
				GCC_PREPROCESSOR_DEFINITIONS = (
					"DEBUG=1",
					"$(inherited)",
				);
				GCC_WARN_64_TO_32_BIT_CONVERSION = YES;
				GCC_WARN_ABOUT_RETURN_TYPE = YES_ERROR;
				GCC_WARN_UNDECLARED_SELECTOR = YES;
				GCC_WARN_UNINITIALIZED_AUTOS = YES_AGGRESSIVE;
				GCC_WARN_UNUSED_FUNCTION = YES;
				GCC_WARN_UNUSED_VARIABLE = YES;
				LOCALIZATION_PREFERS_STRING_CATALOGS = YES;
				MACOSX_DEPLOYMENT_TARGET = 14.2;
				MTL_ENABLE_DEBUG_INFO = INCLUDE_SOURCE;
				MTL_FAST_MATH = YES;
				ONLY_ACTIVE_ARCH = YES;
				SDKROOT = macosx;
			};
			name = Debug;
		};
		07C2A79C2C31E62700869A56 /* Release */ = {
			isa = XCBuildConfiguration;
			buildSettings = {
				ALWAYS_SEARCH_USER_PATHS = NO;
				ASSETCATALOG_COMPILER_GENERATE_SWIFT_ASSET_SYMBOL_EXTENSIONS = YES;
				CLANG_ANALYZER_NONNULL = YES;
				CLANG_ANALYZER_NUMBER_OBJECT_CONVERSION = YES_AGGRESSIVE;
				CLANG_CXX_LANGUAGE_STANDARD = "gnu++20";
				CLANG_ENABLE_MODULES = YES;
				CLANG_ENABLE_OBJC_ARC = YES;
				CLANG_ENABLE_OBJC_WEAK = YES;
				CLANG_WARN_BLOCK_CAPTURE_AUTORELEASING = YES;
				CLANG_WARN_BOOL_CONVERSION = YES;
				CLANG_WARN_COMMA = YES;
				CLANG_WARN_CONSTANT_CONVERSION = YES;
				CLANG_WARN_DEPRECATED_OBJC_IMPLEMENTATIONS = YES;
				CLANG_WARN_DIRECT_OBJC_ISA_USAGE = YES_ERROR;
				CLANG_WARN_DOCUMENTATION_COMMENTS = YES;
				CLANG_WARN_EMPTY_BODY = YES;
				CLANG_WARN_ENUM_CONVERSION = YES;
				CLANG_WARN_INFINITE_RECURSION = YES;
				CLANG_WARN_INT_CONVERSION = YES;
				CLANG_WARN_NON_LITERAL_NULL_CONVERSION = YES;
				CLANG_WARN_OBJC_IMPLICIT_RETAIN_SELF = YES;
				CLANG_WARN_OBJC_LITERAL_CONVERSION = YES;
				CLANG_WARN_OBJC_ROOT_CLASS = YES_ERROR;
				CLANG_WARN_QUOTED_INCLUDE_IN_FRAMEWORK_HEADER = YES;
				CLANG_WARN_RANGE_LOOP_ANALYSIS = YES;
				CLANG_WARN_STRICT_PROTOTYPES = YES;
				CLANG_WARN_SUSPICIOUS_MOVE = YES;
				CLANG_WARN_UNGUARDED_AVAILABILITY = YES_AGGRESSIVE;
				CLANG_WARN_UNREACHABLE_CODE = YES;
				CLANG_WARN__DUPLICATE_METHOD_MATCH = YES;
				COPY_PHASE_STRIP = NO;
				DEBUG_INFORMATION_FORMAT = "dwarf-with-dsym";
				ENABLE_NS_ASSERTIONS = NO;
				ENABLE_STRICT_OBJC_MSGSEND = YES;
				ENABLE_USER_SCRIPT_SANDBOXING = YES;
				GCC_C_LANGUAGE_STANDARD = gnu17;
				GCC_NO_COMMON_BLOCKS = YES;
				GCC_WARN_64_TO_32_BIT_CONVERSION = YES;
				GCC_WARN_ABOUT_RETURN_TYPE = YES_ERROR;
				GCC_WARN_UNDECLARED_SELECTOR = YES;
				GCC_WARN_UNINITIALIZED_AUTOS = YES_AGGRESSIVE;
				GCC_WARN_UNUSED_FUNCTION = YES;
				GCC_WARN_UNUSED_VARIABLE = YES;
				LOCALIZATION_PREFERS_STRING_CATALOGS = YES;
				MACOSX_DEPLOYMENT_TARGET = 14.2;
				MTL_ENABLE_DEBUG_INFO = NO;
				MTL_FAST_MATH = YES;
				SDKROOT = macosx;
			};
			name = Release;
		};
		07C2A79E2C31E62700869A56 /* Debug */ = {
			isa = XCBuildConfiguration;
			buildSettings = {
				CODE_SIGN_STYLE = Automatic;
				DEVELOPMENT_TEAM = HFL2Q84SZB;
				ENABLE_HARDENED_RUNTIME = YES;
				HEADER_SEARCH_PATHS = ../lib;
				PRODUCT_NAME = "$(TARGET_NAME)";
			};
			name = Debug;
		};
		07C2A79F2C31E62700869A56 /* Release */ = {
			isa = XCBuildConfiguration;
			buildSettings = {
				CODE_SIGN_STYLE = Automatic;
				DEVELOPMENT_TEAM = HFL2Q84SZB;
				ENABLE_HARDENED_RUNTIME = YES;
				HEADER_SEARCH_PATHS = ../lib;
				PRODUCT_NAME = "$(TARGET_NAME)";
			};
			name = Release;
		};
/* End XCBuildConfiguration section */

/* Begin XCConfigurationList section */
		07C2A7912C31E62700869A56 /* Build configuration list for PBXProject "TextUR" */ = {
			isa = XCConfigurationList;
			buildConfigurations = (
				07C2A79B2C31E62700869A56 /* Debug */,
				07C2A79C2C31E62700869A56 /* Release */,
			);
			defaultConfigurationIsVisible = 0;
			defaultConfigurationName = Release;
		};
		07C2A79D2C31E62700869A56 /* Build configuration list for PBXNativeTarget "TextUR" */ = {
			isa = XCConfigurationList;
			buildConfigurations = (
				07C2A79E2C31E62700869A56 /* Debug */,
				07C2A79F2C31E62700869A56 /* Release */,
			);
			defaultConfigurationIsVisible = 0;
			defaultConfigurationName = Release;
		};
/* End XCConfigurationList section */
	};
	rootObject = 07C2A78E2C31E62700869A56 /* Project object */;
}
