<?xml version="1.0" encoding="utf-8"?>
<Project ToolsVersion="4.0" xmlns="http://schemas.microsoft.com/developer/msbuild/2003">
  <ItemGroup>
    <None Include="..\build.sh" />
    <None Include="..\..\LICENSE" />
    <None Include="..\..\README.md" />
  </ItemGroup>
  <ItemGroup>
    <Filter Include="src">
      <UniqueIdentifier>{34e44ab4-de7d-47c9-8164-d6786c4582f3}</UniqueIdentifier>
    </Filter>
  </ItemGroup>
  <ItemGroup>
    <ClCompile Include="..\textur.cpp">
      <Filter>src</Filter>
    </ClCompile>
  </ItemGroup>
</Project>